
Microsoft Visual Studio Solution File, Format Version 12.00
# Visual Studio Version 17
VisualStudioVersion = 17.13.35825.156 d17.13
MinimumVisualStudioVersion = 10.0.40219.1
Project("{FAE04EC0-301F-11D3-BF4B-00C04F79EFBC}") = "CodeQLTest", "CodeQLTest\CodeQLTest.csproj", "{0A5C0FE2-014E-4A41-93CE-DB901AD6B702}"
EndProject
Global
	GlobalSection(SolutionConfigurationPlatforms) = preSolution
		Debug|Any CPU = Debug|Any CPU
		Release|Any CPU = Release|Any CPU
	EndGlobalSection
	GlobalSection(ProjectConfigurationPlatforms) = postSolution
		{0A5C0FE2-014E-4A41-93CE-DB901AD6B702}.Debug|Any CPU.ActiveCfg = Debug|Any CPU
		{0A5C0FE2-014E-4A41-93CE-DB901AD6B702}.Debug|Any CPU.Build.0 = Debug|Any CPU
		{0A5C0FE2-014E-4A41-93CE-DB901AD6B702}.Release|Any CPU.ActiveCfg = Release|Any CPU
		{0A5C0FE2-014E-4A41-93CE-DB901AD6B702}.Release|Any CPU.Build.0 = Release|Any CPU
	EndGlobalSection
	GlobalSection(SolutionProperties) = preSolution
		HideSolutionNode = FALSE
	EndGlobalSection
	GlobalSection(ExtensibilityGlobals) = postSolution
		SolutionGuid = {2CF304B0-4F68-4599-BE79-8840FC7F3647}
	EndGlobalSection
EndGlobal
